
Microsoft Visual Studio Solution File, Format Version 12.00
# Visual Studio Version 17
VisualStudioVersion = 17.9.34622.214
MinimumVisualStudioVersion = 10.0.40219.1
Project("{FAE04EC0-301F-11D3-BF4B-00C04F79EFBC}") = "FrmRegistration", "FrmRegistration.csproj", "{589323AE-4D2C-4030-9283-EF8C5A82108D}"
EndProject
Global
	GlobalSection(SolutionConfigurationPlatforms) = preSolution
		Debug|Any CPU = Debug|Any CPU
		Release|Any CPU = Release|Any CPU
	EndGlobalSection
	GlobalSection(ProjectConfigurationPlatforms) = postSolution
		{589323AE-4D2C-4030-9283-EF8C5A82108D}.Debug|Any CPU.ActiveCfg = Debug|Any CPU
		{589323AE-4D2C-4030-9283-EF8C5A82108D}.Debug|Any CPU.Build.0 = Debug|Any CPU
		{589323AE-4D2C-4030-9283-EF8C5A82108D}.Release|Any CPU.ActiveCfg = Release|Any CPU
		{589323AE-4D2C-4030-9283-EF8C5A82108D}.Release|Any CPU.Build.0 = Release|Any CPU
	EndGlobalSection
	GlobalSection(SolutionProperties) = preSolution
		HideSolutionNode = FALSE
	EndGlobalSection
	GlobalSection(ExtensibilityGlobals) = postSolution
		SolutionGuid = {70034B9B-1C27-4C0F-9E16-9E0E3C7035C6}
	EndGlobalSection
EndGlobal
