
Microsoft Visual Studio Solution File, Format Version 12.00
# Visual Studio Version 17
VisualStudioVersion = 17.9.34622.214
MinimumVisualStudioVersion = 10.0.40219.1
Project("{FAE04EC0-301F-11D3-BF4B-00C04F79EFBC}") = "frmTrackThread", "frmTrackThread.csproj", "{853BA2C1-09B7-4626-9670-E2F5223B534A}"
EndProject
Global
	GlobalSection(SolutionConfigurationPlatforms) = preSolution
		Debug|Any CPU = Debug|Any CPU
		Release|Any CPU = Release|Any CPU
	EndGlobalSection
	GlobalSection(ProjectConfigurationPlatforms) = postSolution
		{853BA2C1-09B7-4626-9670-E2F5223B534A}.Debug|Any CPU.ActiveCfg = Debug|Any CPU
		{853BA2C1-09B7-4626-9670-E2F5223B534A}.Debug|Any CPU.Build.0 = Debug|Any CPU
		{853BA2C1-09B7-4626-9670-E2F5223B534A}.Release|Any CPU.ActiveCfg = Release|Any CPU
		{853BA2C1-09B7-4626-9670-E2F5223B534A}.Release|Any CPU.Build.0 = Release|Any CPU
	EndGlobalSection
	GlobalSection(SolutionProperties) = preSolution
		HideSolutionNode = FALSE
	EndGlobalSection
	GlobalSection(ExtensibilityGlobals) = postSolution
		SolutionGuid = {BE5B37E4-B07D-45E0-9DFD-E8AF7C363B5F}
	EndGlobalSection
EndGlobal
